
Microsoft Visual Studio Solution File, Format Version 12.00
# Visual Studio Version 17
VisualStudioVersion = 17.11.35327.3
MinimumVisualStudioVersion = 10.0.40219.1
Project("{8BC9CEB8-8B4A-11D0-8D11-00A0C91BC942}") = "Enum", "Base_Programming\Base_Programming.vcxproj", "{59F6E410-DCF4-4824-B527-9B0D813F8E6B}"
EndProject
Project("{8BC9CEB8-8B4A-11D0-8D11-00A0C91BC942}") = "Struct", "Struct\Struct.vcxproj", "{729EA196-7E78-43AD-A381-0929D7E3587C}"
EndProject
Project("{8BC9CEB8-8B4A-11D0-8D11-00A0C91BC942}") = "OutputStruct", "OutputStruct\OutputStruct.vcxproj", "{DE561B64-EF99-4E63-8A83-3A02E501E94C}"
EndProject
Project("{8BC9CEB8-8B4A-11D0-8D11-00A0C91BC942}") = "CalcTwoNumber", "CalcTwoNumber\CalcTwoNumber.vcxproj", "{1FA177E7-C0DF-460D-B7AB-763A9DB5666D}"
EndProject
Project("{8BC9CEB8-8B4A-11D0-8D11-00A0C91BC942}") = "Counter", "Counter\Counter.vcxproj", "{B5AAC1A8-51BA-4D3F-863B-B7A958A92FE0}"
EndProject
Project("{8BC9CEB8-8B4A-11D0-8D11-00A0C91BC942}") = "Address", "Address\Address.vcxproj", "{F3292540-6BE3-4DB6-B7C3-A8F7D135DD61}"
EndProject
Project("{8BC9CEB8-8B4A-11D0-8D11-00A0C91BC942}") = "ShapesNumberSides", "ShapesNumberSides\ShapesNumberSides.vcxproj", "{D10F49EA-9344-4821-92F8-C27D9172C07E}"
EndProject
Project("{8BC9CEB8-8B4A-11D0-8D11-00A0C91BC942}") = "ShapesSidesAngles", "ShapesSidesAngles\ShapesSidesAngles.vcxproj", "{A4943ADC-4412-4724-9F21-A1F0BA49846A}"
EndProject
Project("{8BC9CEB8-8B4A-11D0-8D11-00A0C91BC942}") = "ShapesMetods", "ShapesMetods\ShapesMetods.vcxproj", "{18DB9227-696A-4C3F-A544-152B4367B2A8}"
EndProject
Project("{8BC9CEB8-8B4A-11D0-8D11-00A0C91BC942}") = "SortingAddress", "SortingAddress\SortingAddress.vcxproj", "{2BC0FD5F-FABD-485C-BDF6-36E497697EB5}"
EndProject
Project("{8BC9CEB8-8B4A-11D0-8D11-00A0C91BC942}") = "MathFunction", "MathFunction\MathFunction.vcxproj", "{5B7740AB-9A94-4395-B74A-0523ACFB0520}"
EndProject
Project("{8BC9CEB8-8B4A-11D0-8D11-00A0C91BC942}") = "Class", "Class\Class.vcxproj", "{E341DF6B-DE9E-4DF9-AB18-110B277B6CF7}"
EndProject
Project("{8BC9CEB8-8B4A-11D0-8D11-00A0C91BC942}") = "СlassHierarchy", "СlassHierarchy\СlassHierarchy.vcxproj", "{2C0F7848-9FBA-4954-9E59-7BBAB0256791}"
EndProject
Project("{8BC9CEB8-8B4A-11D0-8D11-00A0C91BC942}") = "Algoritmica_3.1", "Algoritmica_3.1\Algoritmica_3.1.vcxproj", "{82300D1F-2F43-4112-953B-D51A5DBCC9CB}"
EndProject
Project("{8BC9CEB8-8B4A-11D0-8D11-00A0C91BC942}") = "Algorinmica_3.2", "Algorinmica_3.2\Algorinmica_3.2.vcxproj", "{0A69FC07-5F44-4505-B5E8-AFC6C26F6FC7}"
EndProject
Project("{8BC9CEB8-8B4A-11D0-8D11-00A0C91BC942}") = "Algoritmica_3.3", "Algoritmica_3.3\Algoritmica_3.3.vcxproj", "{960B170C-BDF5-4781-8F44-34CE42E719E1}"
EndProject
Project("{8BC9CEB8-8B4A-11D0-8D11-00A0C91BC942}") = "Algoritmica_2.1", "Algoritmica_2.1\Algoritmica_2.1.vcxproj", "{BE872EE4-2436-4D1A-B32D-5F01E1509DEA}"
EndProject
Project("{8BC9CEB8-8B4A-11D0-8D11-00A0C91BC942}") = "Algoritmica_4.1", "Algoritmica_4.1\Algoritmica_4.1.vcxproj", "{4951B7D1-44E0-4A31-A236-B4AD5CF2763E}"
EndProject
Project("{8BC9CEB8-8B4A-11D0-8D11-00A0C91BC942}") = "Algoritmica_4.2", "Algoritmica_4.2\Algoritmica_4.2.vcxproj", "{8F9A6B3A-6E47-4E7A-A4DC-6C5082F6ADED}"
EndProject
Project("{8BC9CEB8-8B4A-11D0-8D11-00A0C91BC942}") = "Counter_new", "Counter_new\Counter_new.vcxproj", "{D1C2D1D3-8380-49D7-A3EA-3AE07869AC15}"
EndProject
Project("{8BC9CEB8-8B4A-11D0-8D11-00A0C91BC942}") = "Address_new", "Address_new\Address_new.vcxproj", "{B5E80042-2CAA-4791-9D13-FECB7F3809C4}"
EndProject
Project("{8BC9CEB8-8B4A-11D0-8D11-00A0C91BC942}") = "SortingAddress_new", "SortingAddress_new\SortingAddress_new.vcxproj", "{F56A4020-0A33-470A-A025-E49704B8A6BE}"
EndProject
Project("{8BC9CEB8-8B4A-11D0-8D11-00A0C91BC942}") = "Algoritmica_2.2", "Algoritmica_2.2\Algoritmica_2.2.vcxproj", "{6D285FD0-3094-4951-B75C-1EA72EF70625}"
EndProject
Project("{8BC9CEB8-8B4A-11D0-8D11-00A0C91BC942}") = "Algoritmica_5.1", "Algoritmica_5.1\Algoritmica_5.1.vcxproj", "{C44D1ED4-EEB5-43A9-99DD-8A093C29CF71}"
EndProject
Project("{8BC9CEB8-8B4A-11D0-8D11-00A0C91BC942}") = "Algoritmica_5.2", "Algoritmica_5.2\Algoritmica_5.2.vcxproj", "{B543CC52-38FC-4CFC-8A57-F9E2E8C41ACB}"
EndProject
Project("{8BC9CEB8-8B4A-11D0-8D11-00A0C91BC942}") = "PostgreSQL_cpp", "PostgreSQL_cpp\PostgreSQL_cpp.vcxproj", "{2BA61C5E-D1AC-4A2A-BFEC-6BCD0EC0E0B8}"
EndProject
Project("{8BC9CEB8-8B4A-11D0-8D11-00A0C91BC942}") = "PPcpp_1_PodCapotom", "PPcpp_1_PodCapotom\PPcpp_1_PodCapotom.vcxproj", "{ECC872CF-5914-46AA-B951-8F203BD0F86C}"
EndProject
Global
	GlobalSection(SolutionConfigurationPlatforms) = preSolution
		Debug|x64 = Debug|x64
		Debug|x86 = Debug|x86
		Release|x64 = Release|x64
		Release|x86 = Release|x86
	EndGlobalSection
	GlobalSection(ProjectConfigurationPlatforms) = postSolution
		{59F6E410-DCF4-4824-B527-9B0D813F8E6B}.Debug|x64.ActiveCfg = Debug|x64
		{59F6E410-DCF4-4824-B527-9B0D813F8E6B}.Debug|x64.Build.0 = Debug|x64
		{59F6E410-DCF4-4824-B527-9B0D813F8E6B}.Debug|x86.ActiveCfg = Debug|Win32
		{59F6E410-DCF4-4824-B527-9B0D813F8E6B}.Debug|x86.Build.0 = Debug|Win32
		{59F6E410-DCF4-4824-B527-9B0D813F8E6B}.Release|x64.ActiveCfg = Release|x64
		{59F6E410-DCF4-4824-B527-9B0D813F8E6B}.Release|x64.Build.0 = Release|x64
		{59F6E410-DCF4-4824-B527-9B0D813F8E6B}.Release|x86.ActiveCfg = Release|Win32
		{59F6E410-DCF4-4824-B527-9B0D813F8E6B}.Release|x86.Build.0 = Release|Win32
		{729EA196-7E78-43AD-A381-0929D7E3587C}.Debug|x64.ActiveCfg = Debug|x64
		{729EA196-7E78-43AD-A381-0929D7E3587C}.Debug|x64.Build.0 = Debug|x64
		{729EA196-7E78-43AD-A381-0929D7E3587C}.Debug|x86.ActiveCfg = Debug|Win32
		{729EA196-7E78-43AD-A381-0929D7E3587C}.Debug|x86.Build.0 = Debug|Win32
		{729EA196-7E78-43AD-A381-0929D7E3587C}.Release|x64.ActiveCfg = Release|x64
		{729EA196-7E78-43AD-A381-0929D7E3587C}.Release|x64.Build.0 = Release|x64
		{729EA196-7E78-43AD-A381-0929D7E3587C}.Release|x86.ActiveCfg = Release|Win32
		{729EA196-7E78-43AD-A381-0929D7E3587C}.Release|x86.Build.0 = Release|Win32
		{DE561B64-EF99-4E63-8A83-3A02E501E94C}.Debug|x64.ActiveCfg = Debug|x64
		{DE561B64-EF99-4E63-8A83-3A02E501E94C}.Debug|x64.Build.0 = Debug|x64
		{DE561B64-EF99-4E63-8A83-3A02E501E94C}.Debug|x86.ActiveCfg = Debug|Win32
		{DE561B64-EF99-4E63-8A83-3A02E501E94C}.Debug|x86.Build.0 = Debug|Win32
		{DE561B64-EF99-4E63-8A83-3A02E501E94C}.Release|x64.ActiveCfg = Release|x64
		{DE561B64-EF99-4E63-8A83-3A02E501E94C}.Release|x64.Build.0 = Release|x64
		{DE561B64-EF99-4E63-8A83-3A02E501E94C}.Release|x86.ActiveCfg = Release|Win32
		{DE561B64-EF99-4E63-8A83-3A02E501E94C}.Release|x86.Build.0 = Release|Win32
		{1FA177E7-C0DF-460D-B7AB-763A9DB5666D}.Debug|x64.ActiveCfg = Debug|x64
		{1FA177E7-C0DF-460D-B7AB-763A9DB5666D}.Debug|x64.Build.0 = Debug|x64
		{1FA177E7-C0DF-460D-B7AB-763A9DB5666D}.Debug|x86.ActiveCfg = Debug|Win32
		{1FA177E7-C0DF-460D-B7AB-763A9DB5666D}.Debug|x86.Build.0 = Debug|Win32
		{1FA177E7-C0DF-460D-B7AB-763A9DB5666D}.Release|x64.ActiveCfg = Release|x64
		{1FA177E7-C0DF-460D-B7AB-763A9DB5666D}.Release|x64.Build.0 = Release|x64
		{1FA177E7-C0DF-460D-B7AB-763A9DB5666D}.Release|x86.ActiveCfg = Release|Win32
		{1FA177E7-C0DF-460D-B7AB-763A9DB5666D}.Release|x86.Build.0 = Release|Win32
		{B5AAC1A8-51BA-4D3F-863B-B7A958A92FE0}.Debug|x64.ActiveCfg = Debug|x64
		{B5AAC1A8-51BA-4D3F-863B-B7A958A92FE0}.Debug|x64.Build.0 = Debug|x64
		{B5AAC1A8-51BA-4D3F-863B-B7A958A92FE0}.Debug|x86.ActiveCfg = Debug|Win32
		{B5AAC1A8-51BA-4D3F-863B-B7A958A92FE0}.Debug|x86.Build.0 = Debug|Win32
		{B5AAC1A8-51BA-4D3F-863B-B7A958A92FE0}.Release|x64.ActiveCfg = Release|x64
		{B5AAC1A8-51BA-4D3F-863B-B7A958A92FE0}.Release|x64.Build.0 = Release|x64
		{B5AAC1A8-51BA-4D3F-863B-B7A958A92FE0}.Release|x86.ActiveCfg = Release|Win32
		{B5AAC1A8-51BA-4D3F-863B-B7A958A92FE0}.Release|x86.Build.0 = Release|Win32
		{F3292540-6BE3-4DB6-B7C3-A8F7D135DD61}.Debug|x64.ActiveCfg = Debug|x64
		{F3292540-6BE3-4DB6-B7C3-A8F7D135DD61}.Debug|x64.Build.0 = Debug|x64
		{F3292540-6BE3-4DB6-B7C3-A8F7D135DD61}.Debug|x86.ActiveCfg = Debug|Win32
		{F3292540-6BE3-4DB6-B7C3-A8F7D135DD61}.Debug|x86.Build.0 = Debug|Win32
		{F3292540-6BE3-4DB6-B7C3-A8F7D135DD61}.Release|x64.ActiveCfg = Release|x64
		{F3292540-6BE3-4DB6-B7C3-A8F7D135DD61}.Release|x64.Build.0 = Release|x64
		{F3292540-6BE3-4DB6-B7C3-A8F7D135DD61}.Release|x86.ActiveCfg = Release|Win32
		{F3292540-6BE3-4DB6-B7C3-A8F7D135DD61}.Release|x86.Build.0 = Release|Win32
		{D10F49EA-9344-4821-92F8-C27D9172C07E}.Debug|x64.ActiveCfg = Debug|x64
		{D10F49EA-9344-4821-92F8-C27D9172C07E}.Debug|x64.Build.0 = Debug|x64
		{D10F49EA-9344-4821-92F8-C27D9172C07E}.Debug|x86.ActiveCfg = Debug|Win32
		{D10F49EA-9344-4821-92F8-C27D9172C07E}.Debug|x86.Build.0 = Debug|Win32
		{D10F49EA-9344-4821-92F8-C27D9172C07E}.Release|x64.ActiveCfg = Release|x64
		{D10F49EA-9344-4821-92F8-C27D9172C07E}.Release|x64.Build.0 = Release|x64
		{D10F49EA-9344-4821-92F8-C27D9172C07E}.Release|x86.ActiveCfg = Release|Win32
		{D10F49EA-9344-4821-92F8-C27D9172C07E}.Release|x86.Build.0 = Release|Win32
		{A4943ADC-4412-4724-9F21-A1F0BA49846A}.Debug|x64.ActiveCfg = Debug|x64
		{A4943ADC-4412-4724-9F21-A1F0BA49846A}.Debug|x64.Build.0 = Debug|x64
		{A4943ADC-4412-4724-9F21-A1F0BA49846A}.Debug|x86.ActiveCfg = Debug|Win32
		{A4943ADC-4412-4724-9F21-A1F0BA49846A}.Debug|x86.Build.0 = Debug|Win32
		{A4943ADC-4412-4724-9F21-A1F0BA49846A}.Release|x64.ActiveCfg = Release|x64
		{A4943ADC-4412-4724-9F21-A1F0BA49846A}.Release|x64.Build.0 = Release|x64
		{A4943ADC-4412-4724-9F21-A1F0BA49846A}.Release|x86.ActiveCfg = Release|Win32
		{A4943ADC-4412-4724-9F21-A1F0BA49846A}.Release|x86.Build.0 = Release|Win32
		{18DB9227-696A-4C3F-A544-152B4367B2A8}.Debug|x64.ActiveCfg = Debug|x64
		{18DB9227-696A-4C3F-A544-152B4367B2A8}.Debug|x64.Build.0 = Debug|x64
		{18DB9227-696A-4C3F-A544-152B4367B2A8}.Debug|x86.ActiveCfg = Debug|Win32
		{18DB9227-696A-4C3F-A544-152B4367B2A8}.Debug|x86.Build.0 = Debug|Win32
		{18DB9227-696A-4C3F-A544-152B4367B2A8}.Release|x64.ActiveCfg = Release|x64
		{18DB9227-696A-4C3F-A544-152B4367B2A8}.Release|x64.Build.0 = Release|x64
		{18DB9227-696A-4C3F-A544-152B4367B2A8}.Release|x86.ActiveCfg = Release|Win32
		{18DB9227-696A-4C3F-A544-152B4367B2A8}.Release|x86.Build.0 = Release|Win32
		{2BC0FD5F-FABD-485C-BDF6-36E497697EB5}.Debug|x64.ActiveCfg = Debug|x64
		{2BC0FD5F-FABD-485C-BDF6-36E497697EB5}.Debug|x64.Build.0 = Debug|x64
		{2BC0FD5F-FABD-485C-BDF6-36E497697EB5}.Debug|x86.ActiveCfg = Debug|Win32
		{2BC0FD5F-FABD-485C-BDF6-36E497697EB5}.Debug|x86.Build.0 = Debug|Win32
		{2BC0FD5F-FABD-485C-BDF6-36E497697EB5}.Release|x64.ActiveCfg = Release|x64
		{2BC0FD5F-FABD-485C-BDF6-36E497697EB5}.Release|x64.Build.0 = Release|x64
		{2BC0FD5F-FABD-485C-BDF6-36E497697EB5}.Release|x86.ActiveCfg = Release|Win32
		{2BC0FD5F-FABD-485C-BDF6-36E497697EB5}.Release|x86.Build.0 = Release|Win32
		{5B7740AB-9A94-4395-B74A-0523ACFB0520}.Debug|x64.ActiveCfg = Debug|x64
		{5B7740AB-9A94-4395-B74A-0523ACFB0520}.Debug|x64.Build.0 = Debug|x64
		{5B7740AB-9A94-4395-B74A-0523ACFB0520}.Debug|x86.ActiveCfg = Debug|Win32
		{5B7740AB-9A94-4395-B74A-0523ACFB0520}.Debug|x86.Build.0 = Debug|Win32
		{5B7740AB-9A94-4395-B74A-0523ACFB0520}.Release|x64.ActiveCfg = Release|x64
		{5B7740AB-9A94-4395-B74A-0523ACFB0520}.Release|x64.Build.0 = Release|x64
		{5B7740AB-9A94-4395-B74A-0523ACFB0520}.Release|x86.ActiveCfg = Release|Win32
		{5B7740AB-9A94-4395-B74A-0523ACFB0520}.Release|x86.Build.0 = Release|Win32
		{E341DF6B-DE9E-4DF9-AB18-110B277B6CF7}.Debug|x64.ActiveCfg = Debug|x64
		{E341DF6B-DE9E-4DF9-AB18-110B277B6CF7}.Debug|x64.Build.0 = Debug|x64
		{E341DF6B-DE9E-4DF9-AB18-110B277B6CF7}.Debug|x86.ActiveCfg = Debug|Win32
		{E341DF6B-DE9E-4DF9-AB18-110B277B6CF7}.Debug|x86.Build.0 = Debug|Win32
		{E341DF6B-DE9E-4DF9-AB18-110B277B6CF7}.Release|x64.ActiveCfg = Release|x64
		{E341DF6B-DE9E-4DF9-AB18-110B277B6CF7}.Release|x64.Build.0 = Release|x64
		{E341DF6B-DE9E-4DF9-AB18-110B277B6CF7}.Release|x86.ActiveCfg = Release|Win32
		{E341DF6B-DE9E-4DF9-AB18-110B277B6CF7}.Release|x86.Build.0 = Release|Win32
		{2C0F7848-9FBA-4954-9E59-7BBAB0256791}.Debug|x64.ActiveCfg = Debug|x64
		{2C0F7848-9FBA-4954-9E59-7BBAB0256791}.Debug|x64.Build.0 = Debug|x64
		{2C0F7848-9FBA-4954-9E59-7BBAB0256791}.Debug|x86.ActiveCfg = Debug|Win32
		{2C0F7848-9FBA-4954-9E59-7BBAB0256791}.Debug|x86.Build.0 = Debug|Win32
		{2C0F7848-9FBA-4954-9E59-7BBAB0256791}.Release|x64.ActiveCfg = Release|x64
		{2C0F7848-9FBA-4954-9E59-7BBAB0256791}.Release|x64.Build.0 = Release|x64
		{2C0F7848-9FBA-4954-9E59-7BBAB0256791}.Release|x86.ActiveCfg = Release|Win32
		{2C0F7848-9FBA-4954-9E59-7BBAB0256791}.Release|x86.Build.0 = Release|Win32
		{82300D1F-2F43-4112-953B-D51A5DBCC9CB}.Debug|x64.ActiveCfg = Debug|x64
		{82300D1F-2F43-4112-953B-D51A5DBCC9CB}.Debug|x64.Build.0 = Debug|x64
		{82300D1F-2F43-4112-953B-D51A5DBCC9CB}.Debug|x86.ActiveCfg = Debug|Win32
		{82300D1F-2F43-4112-953B-D51A5DBCC9CB}.Debug|x86.Build.0 = Debug|Win32
		{82300D1F-2F43-4112-953B-D51A5DBCC9CB}.Release|x64.ActiveCfg = Release|x64
		{82300D1F-2F43-4112-953B-D51A5DBCC9CB}.Release|x64.Build.0 = Release|x64
		{82300D1F-2F43-4112-953B-D51A5DBCC9CB}.Release|x86.ActiveCfg = Release|Win32
		{82300D1F-2F43-4112-953B-D51A5DBCC9CB}.Release|x86.Build.0 = Release|Win32
		{0A69FC07-5F44-4505-B5E8-AFC6C26F6FC7}.Debug|x64.ActiveCfg = Debug|x64
		{0A69FC07-5F44-4505-B5E8-AFC6C26F6FC7}.Debug|x64.Build.0 = Debug|x64
		{0A69FC07-5F44-4505-B5E8-AFC6C26F6FC7}.Debug|x86.ActiveCfg = Debug|Win32
		{0A69FC07-5F44-4505-B5E8-AFC6C26F6FC7}.Debug|x86.Build.0 = Debug|Win32
		{0A69FC07-5F44-4505-B5E8-AFC6C26F6FC7}.Release|x64.ActiveCfg = Release|x64
		{0A69FC07-5F44-4505-B5E8-AFC6C26F6FC7}.Release|x64.Build.0 = Release|x64
		{0A69FC07-5F44-4505-B5E8-AFC6C26F6FC7}.Release|x86.ActiveCfg = Release|Win32
		{0A69FC07-5F44-4505-B5E8-AFC6C26F6FC7}.Release|x86.Build.0 = Release|Win32
		{960B170C-BDF5-4781-8F44-34CE42E719E1}.Debug|x64.ActiveCfg = Debug|x64
		{960B170C-BDF5-4781-8F44-34CE42E719E1}.Debug|x64.Build.0 = Debug|x64
		{960B170C-BDF5-4781-8F44-34CE42E719E1}.Debug|x86.ActiveCfg = Debug|Win32
		{960B170C-BDF5-4781-8F44-34CE42E719E1}.Debug|x86.Build.0 = Debug|Win32
		{960B170C-BDF5-4781-8F44-34CE42E719E1}.Release|x64.ActiveCfg = Release|x64
		{960B170C-BDF5-4781-8F44-34CE42E719E1}.Release|x64.Build.0 = Release|x64
		{960B170C-BDF5-4781-8F44-34CE42E719E1}.Release|x86.ActiveCfg = Release|Win32
		{960B170C-BDF5-4781-8F44-34CE42E719E1}.Release|x86.Build.0 = Release|Win32
		{BE872EE4-2436-4D1A-B32D-5F01E1509DEA}.Debug|x64.ActiveCfg = Debug|x64
		{BE872EE4-2436-4D1A-B32D-5F01E1509DEA}.Debug|x64.Build.0 = Debug|x64
		{BE872EE4-2436-4D1A-B32D-5F01E1509DEA}.Debug|x86.ActiveCfg = Debug|Win32
		{BE872EE4-2436-4D1A-B32D-5F01E1509DEA}.Debug|x86.Build.0 = Debug|Win32
		{BE872EE4-2436-4D1A-B32D-5F01E1509DEA}.Release|x64.ActiveCfg = Release|x64
		{BE872EE4-2436-4D1A-B32D-5F01E1509DEA}.Release|x64.Build.0 = Release|x64
		{BE872EE4-2436-4D1A-B32D-5F01E1509DEA}.Release|x86.ActiveCfg = Release|Win32
		{BE872EE4-2436-4D1A-B32D-5F01E1509DEA}.Release|x86.Build.0 = Release|Win32
		{4951B7D1-44E0-4A31-A236-B4AD5CF2763E}.Debug|x64.ActiveCfg = Debug|x64
		{4951B7D1-44E0-4A31-A236-B4AD5CF2763E}.Debug|x64.Build.0 = Debug|x64
		{4951B7D1-44E0-4A31-A236-B4AD5CF2763E}.Debug|x86.ActiveCfg = Debug|Win32
		{4951B7D1-44E0-4A31-A236-B4AD5CF2763E}.Debug|x86.Build.0 = Debug|Win32
		{4951B7D1-44E0-4A31-A236-B4AD5CF2763E}.Release|x64.ActiveCfg = Release|x64
		{4951B7D1-44E0-4A31-A236-B4AD5CF2763E}.Release|x64.Build.0 = Release|x64
		{4951B7D1-44E0-4A31-A236-B4AD5CF2763E}.Release|x86.ActiveCfg = Release|Win32
		{4951B7D1-44E0-4A31-A236-B4AD5CF2763E}.Release|x86.Build.0 = Release|Win32
		{8F9A6B3A-6E47-4E7A-A4DC-6C5082F6ADED}.Debug|x64.ActiveCfg = Debug|x64
		{8F9A6B3A-6E47-4E7A-A4DC-6C5082F6ADED}.Debug|x64.Build.0 = Debug|x64
		{8F9A6B3A-6E47-4E7A-A4DC-6C5082F6ADED}.Debug|x86.ActiveCfg = Debug|Win32
		{8F9A6B3A-6E47-4E7A-A4DC-6C5082F6ADED}.Debug|x86.Build.0 = Debug|Win32
		{8F9A6B3A-6E47-4E7A-A4DC-6C5082F6ADED}.Release|x64.ActiveCfg = Release|x64
		{8F9A6B3A-6E47-4E7A-A4DC-6C5082F6ADED}.Release|x64.Build.0 = Release|x64
		{8F9A6B3A-6E47-4E7A-A4DC-6C5082F6ADED}.Release|x86.ActiveCfg = Release|Win32
		{8F9A6B3A-6E47-4E7A-A4DC-6C5082F6ADED}.Release|x86.Build.0 = Release|Win32
		{D1C2D1D3-8380-49D7-A3EA-3AE07869AC15}.Debug|x64.ActiveCfg = Debug|x64
		{D1C2D1D3-8380-49D7-A3EA-3AE07869AC15}.Debug|x64.Build.0 = Debug|x64
		{D1C2D1D3-8380-49D7-A3EA-3AE07869AC15}.Debug|x86.ActiveCfg = Debug|Win32
		{D1C2D1D3-8380-49D7-A3EA-3AE07869AC15}.Debug|x86.Build.0 = Debug|Win32
		{D1C2D1D3-8380-49D7-A3EA-3AE07869AC15}.Release|x64.ActiveCfg = Release|x64
		{D1C2D1D3-8380-49D7-A3EA-3AE07869AC15}.Release|x64.Build.0 = Release|x64
		{D1C2D1D3-8380-49D7-A3EA-3AE07869AC15}.Release|x86.ActiveCfg = Release|Win32
		{D1C2D1D3-8380-49D7-A3EA-3AE07869AC15}.Release|x86.Build.0 = Release|Win32
		{B5E80042-2CAA-4791-9D13-FECB7F3809C4}.Debug|x64.ActiveCfg = Debug|x64
		{B5E80042-2CAA-4791-9D13-FECB7F3809C4}.Debug|x64.Build.0 = Debug|x64
		{B5E80042-2CAA-4791-9D13-FECB7F3809C4}.Debug|x86.ActiveCfg = Debug|Win32
		{B5E80042-2CAA-4791-9D13-FECB7F3809C4}.Debug|x86.Build.0 = Debug|Win32
		{B5E80042-2CAA-4791-9D13-FECB7F3809C4}.Release|x64.ActiveCfg = Release|x64
		{B5E80042-2CAA-4791-9D13-FECB7F3809C4}.Release|x64.Build.0 = Release|x64
		{B5E80042-2CAA-4791-9D13-FECB7F3809C4}.Release|x86.ActiveCfg = Release|Win32
		{B5E80042-2CAA-4791-9D13-FECB7F3809C4}.Release|x86.Build.0 = Release|Win32
		{F56A4020-0A33-470A-A025-E49704B8A6BE}.Debug|x64.ActiveCfg = Debug|x64
		{F56A4020-0A33-470A-A025-E49704B8A6BE}.Debug|x64.Build.0 = Debug|x64
		{F56A4020-0A33-470A-A025-E49704B8A6BE}.Debug|x86.ActiveCfg = Debug|Win32
		{F56A4020-0A33-470A-A025-E49704B8A6BE}.Debug|x86.Build.0 = Debug|Win32
		{F56A4020-0A33-470A-A025-E49704B8A6BE}.Release|x64.ActiveCfg = Release|x64
		{F56A4020-0A33-470A-A025-E49704B8A6BE}.Release|x64.Build.0 = Release|x64
		{F56A4020-0A33-470A-A025-E49704B8A6BE}.Release|x86.ActiveCfg = Release|Win32
		{F56A4020-0A33-470A-A025-E49704B8A6BE}.Release|x86.Build.0 = Release|Win32
		{6D285FD0-3094-4951-B75C-1EA72EF70625}.Debug|x64.ActiveCfg = Debug|x64
		{6D285FD0-3094-4951-B75C-1EA72EF70625}.Debug|x64.Build.0 = Debug|x64
		{6D285FD0-3094-4951-B75C-1EA72EF70625}.Debug|x86.ActiveCfg = Debug|Win32
		{6D285FD0-3094-4951-B75C-1EA72EF70625}.Debug|x86.Build.0 = Debug|Win32
		{6D285FD0-3094-4951-B75C-1EA72EF70625}.Release|x64.ActiveCfg = Release|x64
		{6D285FD0-3094-4951-B75C-1EA72EF70625}.Release|x64.Build.0 = Release|x64
		{6D285FD0-3094-4951-B75C-1EA72EF70625}.Release|x86.ActiveCfg = Release|Win32
		{6D285FD0-3094-4951-B75C-1EA72EF70625}.Release|x86.Build.0 = Release|Win32
		{C44D1ED4-EEB5-43A9-99DD-8A093C29CF71}.Debug|x64.ActiveCfg = Debug|x64
		{C44D1ED4-EEB5-43A9-99DD-8A093C29CF71}.Debug|x64.Build.0 = Debug|x64
		{C44D1ED4-EEB5-43A9-99DD-8A093C29CF71}.Debug|x86.ActiveCfg = Debug|Win32
		{C44D1ED4-EEB5-43A9-99DD-8A093C29CF71}.Debug|x86.Build.0 = Debug|Win32
		{C44D1ED4-EEB5-43A9-99DD-8A093C29CF71}.Release|x64.ActiveCfg = Release|x64
		{C44D1ED4-EEB5-43A9-99DD-8A093C29CF71}.Release|x64.Build.0 = Release|x64
		{C44D1ED4-EEB5-43A9-99DD-8A093C29CF71}.Release|x86.ActiveCfg = Release|Win32
		{C44D1ED4-EEB5-43A9-99DD-8A093C29CF71}.Release|x86.Build.0 = Release|Win32
		{B543CC52-38FC-4CFC-8A57-F9E2E8C41ACB}.Debug|x64.ActiveCfg = Debug|x64
		{B543CC52-38FC-4CFC-8A57-F9E2E8C41ACB}.Debug|x64.Build.0 = Debug|x64
		{B543CC52-38FC-4CFC-8A57-F9E2E8C41ACB}.Debug|x86.ActiveCfg = Debug|Win32
		{B543CC52-38FC-4CFC-8A57-F9E2E8C41ACB}.Debug|x86.Build.0 = Debug|Win32
		{B543CC52-38FC-4CFC-8A57-F9E2E8C41ACB}.Release|x64.ActiveCfg = Release|x64
		{B543CC52-38FC-4CFC-8A57-F9E2E8C41ACB}.Release|x64.Build.0 = Release|x64
		{B543CC52-38FC-4CFC-8A57-F9E2E8C41ACB}.Release|x86.ActiveCfg = Release|Win32
		{B543CC52-38FC-4CFC-8A57-F9E2E8C41ACB}.Release|x86.Build.0 = Release|Win32
		{2BA61C5E-D1AC-4A2A-BFEC-6BCD0EC0E0B8}.Debug|x64.ActiveCfg = Debug|x64
		{2BA61C5E-D1AC-4A2A-BFEC-6BCD0EC0E0B8}.Debug|x64.Build.0 = Debug|x64
		{2BA61C5E-D1AC-4A2A-BFEC-6BCD0EC0E0B8}.Debug|x86.ActiveCfg = Debug|Win32
		{2BA61C5E-D1AC-4A2A-BFEC-6BCD0EC0E0B8}.Debug|x86.Build.0 = Debug|Win32
		{2BA61C5E-D1AC-4A2A-BFEC-6BCD0EC0E0B8}.Release|x64.ActiveCfg = Release|x64
		{2BA61C5E-D1AC-4A2A-BFEC-6BCD0EC0E0B8}.Release|x64.Build.0 = Release|x64
		{2BA61C5E-D1AC-4A2A-BFEC-6BCD0EC0E0B8}.Release|x86.ActiveCfg = Release|Win32
		{2BA61C5E-D1AC-4A2A-BFEC-6BCD0EC0E0B8}.Release|x86.Build.0 = Release|Win32
		{ECC872CF-5914-46AA-B951-8F203BD0F86C}.Debug|x64.ActiveCfg = Debug|x64
		{ECC872CF-5914-46AA-B951-8F203BD0F86C}.Debug|x64.Build.0 = Debug|x64
		{ECC872CF-5914-46AA-B951-8F203BD0F86C}.Debug|x86.ActiveCfg = Debug|Win32
		{ECC872CF-5914-46AA-B951-8F203BD0F86C}.Debug|x86.Build.0 = Debug|Win32
		{ECC872CF-5914-46AA-B951-8F203BD0F86C}.Release|x64.ActiveCfg = Release|x64
		{ECC872CF-5914-46AA-B951-8F203BD0F86C}.Release|x64.Build.0 = Release|x64
		{ECC872CF-5914-46AA-B951-8F203BD0F86C}.Release|x86.ActiveCfg = Release|Win32
		{ECC872CF-5914-46AA-B951-8F203BD0F86C}.Release|x86.Build.0 = Release|Win32
	EndGlobalSection
	GlobalSection(SolutionProperties) = preSolution
		HideSolutionNode = FALSE
	EndGlobalSection
	GlobalSection(ExtensibilityGlobals) = postSolution
		SolutionGuid = {20FB7251-5A88-4C9B-8031-C2ABDAC2B955}
	EndGlobalSection
EndGlobal
