
Microsoft Visual Studio Solution File, Format Version 12.00
# Visual Studio Version 17
VisualStudioVersion = 17.11.35327.3
MinimumVisualStudioVersion = 10.0.40219.1
Project("{8BC9CEB8-8B4A-11D0-8D11-00A0C91BC942}") = "Enum", "Base_Programming\Base_Programming.vcxproj", "{59F6E410-DCF4-4824-B527-9B0D813F8E6B}"
EndProject
Project("{8BC9CEB8-8B4A-11D0-8D11-00A0C91BC942}") = "Struct", "Struct\Struct.vcxproj", "{729EA196-7E78-43AD-A381-0929D7E3587C}"
EndProject
Project("{8BC9CEB8-8B4A-11D0-8D11-00A0C91BC942}") = "OutputStruct", "OutputStruct\OutputStruct.vcxproj", "{DE561B64-EF99-4E63-8A83-3A02E501E94C}"
EndProject
Project("{8BC9CEB8-8B4A-11D0-8D11-00A0C91BC942}") = "CalcTwoNumber", "CalcTwoNumber\CalcTwoNumber.vcxproj", "{1FA177E7-C0DF-460D-B7AB-763A9DB5666D}"
EndProject
Project("{8BC9CEB8-8B4A-11D0-8D11-00A0C91BC942}") = "Counter", "Counter\Counter.vcxproj", "{B5AAC1A8-51BA-4D3F-863B-B7A958A92FE0}"
EndProject
Project("{8BC9CEB8-8B4A-11D0-8D11-00A0C91BC942}") = "Address", "Address\Address.vcxproj", "{F3292540-6BE3-4DB6-B7C3-A8F7D135DD61}"
EndProject
Project("{8BC9CEB8-8B4A-11D0-8D11-00A0C91BC942}") = "ShapesNumberSides", "ShapesNumberSides\ShapesNumberSides.vcxproj", "{D10F49EA-9344-4821-92F8-C27D9172C07E}"
EndProject
Global
	GlobalSection(SolutionConfigurationPlatforms) = preSolution
		Debug|x64 = Debug|x64
		Debug|x86 = Debug|x86
		Release|x64 = Release|x64
		Release|x86 = Release|x86
	EndGlobalSection
	GlobalSection(ProjectConfigurationPlatforms) = postSolution
		{59F6E410-DCF4-4824-B527-9B0D813F8E6B}.Debug|x64.ActiveCfg = Debug|x64
		{59F6E410-DCF4-4824-B527-9B0D813F8E6B}.Debug|x64.Build.0 = Debug|x64
		{59F6E410-DCF4-4824-B527-9B0D813F8E6B}.Debug|x86.ActiveCfg = Debug|Win32
		{59F6E410-DCF4-4824-B527-9B0D813F8E6B}.Debug|x86.Build.0 = Debug|Win32
		{59F6E410-DCF4-4824-B527-9B0D813F8E6B}.Release|x64.ActiveCfg = Release|x64
		{59F6E410-DCF4-4824-B527-9B0D813F8E6B}.Release|x64.Build.0 = Release|x64
		{59F6E410-DCF4-4824-B527-9B0D813F8E6B}.Release|x86.ActiveCfg = Release|Win32
		{59F6E410-DCF4-4824-B527-9B0D813F8E6B}.Release|x86.Build.0 = Release|Win32
		{729EA196-7E78-43AD-A381-0929D7E3587C}.Debug|x64.ActiveCfg = Debug|x64
		{729EA196-7E78-43AD-A381-0929D7E3587C}.Debug|x64.Build.0 = Debug|x64
		{729EA196-7E78-43AD-A381-0929D7E3587C}.Debug|x86.ActiveCfg = Debug|Win32
		{729EA196-7E78-43AD-A381-0929D7E3587C}.Debug|x86.Build.0 = Debug|Win32
		{729EA196-7E78-43AD-A381-0929D7E3587C}.Release|x64.ActiveCfg = Release|x64
		{729EA196-7E78-43AD-A381-0929D7E3587C}.Release|x64.Build.0 = Release|x64
		{729EA196-7E78-43AD-A381-0929D7E3587C}.Release|x86.ActiveCfg = Release|Win32
		{729EA196-7E78-43AD-A381-0929D7E3587C}.Release|x86.Build.0 = Release|Win32
		{DE561B64-EF99-4E63-8A83-3A02E501E94C}.Debug|x64.ActiveCfg = Debug|x64
		{DE561B64-EF99-4E63-8A83-3A02E501E94C}.Debug|x64.Build.0 = Debug|x64
		{DE561B64-EF99-4E63-8A83-3A02E501E94C}.Debug|x86.ActiveCfg = Debug|Win32
		{DE561B64-EF99-4E63-8A83-3A02E501E94C}.Debug|x86.Build.0 = Debug|Win32
		{DE561B64-EF99-4E63-8A83-3A02E501E94C}.Release|x64.ActiveCfg = Release|x64
		{DE561B64-EF99-4E63-8A83-3A02E501E94C}.Release|x64.Build.0 = Release|x64
		{DE561B64-EF99-4E63-8A83-3A02E501E94C}.Release|x86.ActiveCfg = Release|Win32
		{DE561B64-EF99-4E63-8A83-3A02E501E94C}.Release|x86.Build.0 = Release|Win32
		{1FA177E7-C0DF-460D-B7AB-763A9DB5666D}.Debug|x64.ActiveCfg = Debug|x64
		{1FA177E7-C0DF-460D-B7AB-763A9DB5666D}.Debug|x64.Build.0 = Debug|x64
		{1FA177E7-C0DF-460D-B7AB-763A9DB5666D}.Debug|x86.ActiveCfg = Debug|Win32
		{1FA177E7-C0DF-460D-B7AB-763A9DB5666D}.Debug|x86.Build.0 = Debug|Win32
		{1FA177E7-C0DF-460D-B7AB-763A9DB5666D}.Release|x64.ActiveCfg = Release|x64
		{1FA177E7-C0DF-460D-B7AB-763A9DB5666D}.Release|x64.Build.0 = Release|x64
		{1FA177E7-C0DF-460D-B7AB-763A9DB5666D}.Release|x86.ActiveCfg = Release|Win32
		{1FA177E7-C0DF-460D-B7AB-763A9DB5666D}.Release|x86.Build.0 = Release|Win32
		{B5AAC1A8-51BA-4D3F-863B-B7A958A92FE0}.Debug|x64.ActiveCfg = Debug|x64
		{B5AAC1A8-51BA-4D3F-863B-B7A958A92FE0}.Debug|x64.Build.0 = Debug|x64
		{B5AAC1A8-51BA-4D3F-863B-B7A958A92FE0}.Debug|x86.ActiveCfg = Debug|Win32
		{B5AAC1A8-51BA-4D3F-863B-B7A958A92FE0}.Debug|x86.Build.0 = Debug|Win32
		{B5AAC1A8-51BA-4D3F-863B-B7A958A92FE0}.Release|x64.ActiveCfg = Release|x64
		{B5AAC1A8-51BA-4D3F-863B-B7A958A92FE0}.Release|x64.Build.0 = Release|x64
		{B5AAC1A8-51BA-4D3F-863B-B7A958A92FE0}.Release|x86.ActiveCfg = Release|Win32
		{B5AAC1A8-51BA-4D3F-863B-B7A958A92FE0}.Release|x86.Build.0 = Release|Win32
		{F3292540-6BE3-4DB6-B7C3-A8F7D135DD61}.Debug|x64.ActiveCfg = Debug|x64
		{F3292540-6BE3-4DB6-B7C3-A8F7D135DD61}.Debug|x64.Build.0 = Debug|x64
		{F3292540-6BE3-4DB6-B7C3-A8F7D135DD61}.Debug|x86.ActiveCfg = Debug|Win32
		{F3292540-6BE3-4DB6-B7C3-A8F7D135DD61}.Debug|x86.Build.0 = Debug|Win32
		{F3292540-6BE3-4DB6-B7C3-A8F7D135DD61}.Release|x64.ActiveCfg = Release|x64
		{F3292540-6BE3-4DB6-B7C3-A8F7D135DD61}.Release|x64.Build.0 = Release|x64
		{F3292540-6BE3-4DB6-B7C3-A8F7D135DD61}.Release|x86.ActiveCfg = Release|Win32
		{F3292540-6BE3-4DB6-B7C3-A8F7D135DD61}.Release|x86.Build.0 = Release|Win32
		{D10F49EA-9344-4821-92F8-C27D9172C07E}.Debug|x64.ActiveCfg = Debug|x64
		{D10F49EA-9344-4821-92F8-C27D9172C07E}.Debug|x64.Build.0 = Debug|x64
		{D10F49EA-9344-4821-92F8-C27D9172C07E}.Debug|x86.ActiveCfg = Debug|Win32
		{D10F49EA-9344-4821-92F8-C27D9172C07E}.Debug|x86.Build.0 = Debug|Win32
		{D10F49EA-9344-4821-92F8-C27D9172C07E}.Release|x64.ActiveCfg = Release|x64
		{D10F49EA-9344-4821-92F8-C27D9172C07E}.Release|x64.Build.0 = Release|x64
		{D10F49EA-9344-4821-92F8-C27D9172C07E}.Release|x86.ActiveCfg = Release|Win32
		{D10F49EA-9344-4821-92F8-C27D9172C07E}.Release|x86.Build.0 = Release|Win32
	EndGlobalSection
	GlobalSection(SolutionProperties) = preSolution
		HideSolutionNode = FALSE
	EndGlobalSection
	GlobalSection(ExtensibilityGlobals) = postSolution
		SolutionGuid = {20FB7251-5A88-4C9B-8031-C2ABDAC2B955}
	EndGlobalSection
EndGlobal
